// !$*UTF8*$!
{
	archiveVersion = 1;
	classes = {
	};
	objectVersion = 46;
	objects = {

/* Begin PBXBuildFile section */
		96E7C54C1CD2646E00D5836E /* AppDelegate.swift in Sources */ = {isa = PBXBuildFile; fileRef = 96E7C54B1CD2646E00D5836E /* AppDelegate.swift */; };
		96E7C54E1CD2646E00D5836E /* ViewController.swift in Sources */ = {isa = PBXBuildFile; fileRef = 96E7C54D1CD2646E00D5836E /* ViewController.swift */; };
		96E7C5511CD2646E00D5836E /* Main.storyboard in Resources */ = {isa = PBXBuildFile; fileRef = 96E7C54F1CD2646E00D5836E /* Main.storyboard */; };
		96E7C5531CD2646E00D5836E /* Assets.xcassets in Resources */ = {isa = PBXBuildFile; fileRef = 96E7C5521CD2646E00D5836E /* Assets.xcassets */; };
		96E7C5561CD2646F00D5836E /* LaunchScreen.storyboard in Resources */ = {isa = PBXBuildFile; fileRef = 96E7C5541CD2646F00D5836E /* LaunchScreen.storyboard */; };
		96E7C5611CD2646F00D5836E /* calTests.swift in Sources */ = {isa = PBXBuildFile; fileRef = 96E7C5601CD2646F00D5836E /* calTests.swift */; };
		96E7C56C1CD2646F00D5836E /* calUITests.swift in Sources */ = {isa = PBXBuildFile; fileRef = 96E7C56B1CD2646F00D5836E /* calUITests.swift */; };
		96E7C5801CD2649700D5836E /* InterfaceController.swift in Sources */ = {isa = PBXBuildFile; fileRef = 96E7C57F1CD2649700D5836E /* InterfaceController.swift */; };
		96E7C5821CD2649700D5836E /* Assets.xcassets in Resources */ = {isa = PBXBuildFile; fileRef = 96E7C5811CD2649700D5836E /* Assets.xcassets */; };
		96E7C5871CD2649700D5836E /* cal WatchKit 1 App.app in Resources */ = {isa = PBXBuildFile; fileRef = 96E7C5861CD2649700D5836E /* cal WatchKit 1 App.app */; };
		96E7C58D1CD2649700D5836E /* Interface.storyboard in Resources */ = {isa = PBXBuildFile; fileRef = 96E7C58B1CD2649700D5836E /* Interface.storyboard */; };
		96E7C58F1CD2649700D5836E /* Assets.xcassets in Resources */ = {isa = PBXBuildFile; fileRef = 96E7C58E1CD2649700D5836E /* Assets.xcassets */; };
		96E7C5931CD2649700D5836E /* cal WatchKit 1 Extension.appex in Embed App Extensions */ = {isa = PBXBuildFile; fileRef = 96E7C57D1CD2649700D5836E /* cal WatchKit 1 Extension.appex */; settings = {ATTRIBUTES = (RemoveHeadersOnCopy, ); }; };
/* End PBXBuildFile section */

/* Begin PBXContainerItemProxy section */
		96E7C55D1CD2646F00D5836E /* PBXContainerItemProxy */ = {
			isa = PBXContainerItemProxy;
			containerPortal = 96E7C5401CD2646E00D5836E /* Project object */;
			proxyType = 1;
			remoteGlobalIDString = 96E7C5471CD2646E00D5836E;
			remoteInfo = cal;
		};
		96E7C5681CD2646F00D5836E /* PBXContainerItemProxy */ = {
			isa = PBXContainerItemProxy;
			containerPortal = 96E7C5401CD2646E00D5836E /* Project object */;
			proxyType = 1;
			remoteGlobalIDString = 96E7C5471CD2646E00D5836E;
			remoteInfo = cal;
		};
		96E7C5881CD2649700D5836E /* PBXContainerItemProxy */ = {
			isa = PBXContainerItemProxy;
			containerPortal = 96E7C5401CD2646E00D5836E /* Project object */;
			proxyType = 1;
			remoteGlobalIDString = 96E7C5851CD2649700D5836E;
			remoteInfo = "cal WatchKit 1 App";
		};
		96E7C5911CD2649700D5836E /* PBXContainerItemProxy */ = {
			isa = PBXContainerItemProxy;
			containerPortal = 96E7C5401CD2646E00D5836E /* Project object */;
			proxyType = 1;
			remoteGlobalIDString = 96E7C57C1CD2649700D5836E;
			remoteInfo = "cal WatchKit 1 Extension";
		};
/* End PBXContainerItemProxy section */

/* Begin PBXCopyFilesBuildPhase section */
		96E7C59A1CD2649700D5836E /* Embed App Extensions */ = {
			isa = PBXCopyFilesBuildPhase;
			buildActionMask = 2147483647;
			dstPath = "";
			dstSubfolderSpec = 13;
			files = (
				96E7C5931CD2649700D5836E /* cal WatchKit 1 Extension.appex in Embed App Extensions */,
			);
			name = "Embed App Extensions";
			runOnlyForDeploymentPostprocessing = 0;
		};
/* End PBXCopyFilesBuildPhase section */

/* Begin PBXFileReference section */
		96E7C5481CD2646E00D5836E /* cal.app */ = {isa = PBXFileReference; explicitFileType = wrapper.application; includeInIndex = 0; path = cal.app; sourceTree = BUILT_PRODUCTS_DIR; };
		96E7C54B1CD2646E00D5836E /* AppDelegate.swift */ = {isa = PBXFileReference; lastKnownFileType = sourcecode.swift; path = AppDelegate.swift; sourceTree = "<group>"; };
		96E7C54D1CD2646E00D5836E /* ViewController.swift */ = {isa = PBXFileReference; lastKnownFileType = sourcecode.swift; path = ViewController.swift; sourceTree = "<group>"; };
		96E7C5501CD2646E00D5836E /* Base */ = {isa = PBXFileReference; lastKnownFileType = file.storyboard; name = Base; path = Base.lproj/Main.storyboard; sourceTree = "<group>"; };
		96E7C5521CD2646E00D5836E /* Assets.xcassets */ = {isa = PBXFileReference; lastKnownFileType = folder.assetcatalog; path = Assets.xcassets; sourceTree = "<group>"; };
		96E7C5551CD2646F00D5836E /* Base */ = {isa = PBXFileReference; lastKnownFileType = file.storyboard; name = Base; path = Base.lproj/LaunchScreen.storyboard; sourceTree = "<group>"; };
		96E7C5571CD2646F00D5836E /* Info.plist */ = {isa = PBXFileReference; lastKnownFileType = text.plist.xml; path = Info.plist; sourceTree = "<group>"; };
		96E7C55C1CD2646F00D5836E /* calTests.xctest */ = {isa = PBXFileReference; explicitFileType = wrapper.cfbundle; includeInIndex = 0; path = calTests.xctest; sourceTree = BUILT_PRODUCTS_DIR; };
		96E7C5601CD2646F00D5836E /* calTests.swift */ = {isa = PBXFileReference; lastKnownFileType = sourcecode.swift; path = calTests.swift; sourceTree = "<group>"; };
		96E7C5621CD2646F00D5836E /* Info.plist */ = {isa = PBXFileReference; lastKnownFileType = text.plist.xml; path = Info.plist; sourceTree = "<group>"; };
		96E7C5671CD2646F00D5836E /* calUITests.xctest */ = {isa = PBXFileReference; explicitFileType = wrapper.cfbundle; includeInIndex = 0; path = calUITests.xctest; sourceTree = BUILT_PRODUCTS_DIR; };
		96E7C56B1CD2646F00D5836E /* calUITests.swift */ = {isa = PBXFileReference; lastKnownFileType = sourcecode.swift; path = calUITests.swift; sourceTree = "<group>"; };
		96E7C56D1CD2646F00D5836E /* Info.plist */ = {isa = PBXFileReference; lastKnownFileType = text.plist.xml; path = Info.plist; sourceTree = "<group>"; };
		96E7C57D1CD2649700D5836E /* cal WatchKit 1 Extension.appex */ = {isa = PBXFileReference; explicitFileType = "wrapper.app-extension"; includeInIndex = 0; path = "cal WatchKit 1 Extension.appex"; sourceTree = BUILT_PRODUCTS_DIR; };
		96E7C57F1CD2649700D5836E /* InterfaceController.swift */ = {isa = PBXFileReference; lastKnownFileType = sourcecode.swift; path = InterfaceController.swift; sourceTree = "<group>"; };
		96E7C5811CD2649700D5836E /* Assets.xcassets */ = {isa = PBXFileReference; lastKnownFileType = folder.assetcatalog; path = Assets.xcassets; sourceTree = "<group>"; };
		96E7C5831CD2649700D5836E /* Info.plist */ = {isa = PBXFileReference; lastKnownFileType = text.plist.xml; path = Info.plist; sourceTree = "<group>"; };
		96E7C5861CD2649700D5836E /* cal WatchKit 1 App.app */ = {isa = PBXFileReference; explicitFileType = wrapper.application; includeInIndex = 0; path = "cal WatchKit 1 App.app"; sourceTree = BUILT_PRODUCTS_DIR; };
		96E7C58C1CD2649700D5836E /* Base */ = {isa = PBXFileReference; lastKnownFileType = file.storyboard; name = Base; path = Base.lproj/Interface.storyboard; sourceTree = "<group>"; };
		96E7C58E1CD2649700D5836E /* Assets.xcassets */ = {isa = PBXFileReference; lastKnownFileType = folder.assetcatalog; path = Assets.xcassets; sourceTree = "<group>"; };
		96E7C5901CD2649700D5836E /* Info.plist */ = {isa = PBXFileReference; lastKnownFileType = text.plist.xml; path = Info.plist; sourceTree = "<group>"; };
/* End PBXFileReference section */

/* Begin PBXFrameworksBuildPhase section */
		96E7C5451CD2646E00D5836E /* Frameworks */ = {
			isa = PBXFrameworksBuildPhase;
			buildActionMask = 2147483647;
			files = (
			);
			runOnlyForDeploymentPostprocessing = 0;
		};
		96E7C5591CD2646F00D5836E /* Frameworks */ = {
			isa = PBXFrameworksBuildPhase;
			buildActionMask = 2147483647;
			files = (
			);
			runOnlyForDeploymentPostprocessing = 0;
		};
		96E7C5641CD2646F00D5836E /* Frameworks */ = {
			isa = PBXFrameworksBuildPhase;
			buildActionMask = 2147483647;
			files = (
			);
			runOnlyForDeploymentPostprocessing = 0;
		};
		96E7C57A1CD2649700D5836E /* Frameworks */ = {
			isa = PBXFrameworksBuildPhase;
			buildActionMask = 2147483647;
			files = (
			);
			runOnlyForDeploymentPostprocessing = 0;
		};
/* End PBXFrameworksBuildPhase section */

/* Begin PBXGroup section */
		96E7C53F1CD2646E00D5836E = {
			isa = PBXGroup;
			children = (
				96E7C54A1CD2646E00D5836E /* cal */,
				96E7C55F1CD2646F00D5836E /* calTests */,
				96E7C56A1CD2646F00D5836E /* calUITests */,
				96E7C57E1CD2649700D5836E /* cal WatchKit 1 Extension */,
				96E7C58A1CD2649700D5836E /* cal WatchKit 1 App */,
				96E7C5491CD2646E00D5836E /* Products */,
			);
			sourceTree = "<group>";
		};
		96E7C5491CD2646E00D5836E /* Products */ = {
			isa = PBXGroup;
			children = (
				96E7C5481CD2646E00D5836E /* cal.app */,
				96E7C55C1CD2646F00D5836E /* calTests.xctest */,
				96E7C5671CD2646F00D5836E /* calUITests.xctest */,
				96E7C57D1CD2649700D5836E /* cal WatchKit 1 Extension.appex */,
				96E7C5861CD2649700D5836E /* cal WatchKit 1 App.app */,
			);
			name = Products;
			sourceTree = "<group>";
		};
		96E7C54A1CD2646E00D5836E /* cal */ = {
			isa = PBXGroup;
			children = (
				96E7C54B1CD2646E00D5836E /* AppDelegate.swift */,
				96E7C54D1CD2646E00D5836E /* ViewController.swift */,
				96E7C54F1CD2646E00D5836E /* Main.storyboard */,
				96E7C5521CD2646E00D5836E /* Assets.xcassets */,
				96E7C5541CD2646F00D5836E /* LaunchScreen.storyboard */,
				96E7C5571CD2646F00D5836E /* Info.plist */,
			);
			path = cal;
			sourceTree = "<group>";
		};
		96E7C55F1CD2646F00D5836E /* calTests */ = {
			isa = PBXGroup;
			children = (
				96E7C5601CD2646F00D5836E /* calTests.swift */,
				96E7C5621CD2646F00D5836E /* Info.plist */,
			);
			path = calTests;
			sourceTree = "<group>";
		};
		96E7C56A1CD2646F00D5836E /* calUITests */ = {
			isa = PBXGroup;
			children = (
				96E7C56B1CD2646F00D5836E /* calUITests.swift */,
				96E7C56D1CD2646F00D5836E /* Info.plist */,
			);
			path = calUITests;
			sourceTree = "<group>";
		};
		96E7C57E1CD2649700D5836E /* cal WatchKit 1 Extension */ = {
			isa = PBXGroup;
			children = (
				96E7C57F1CD2649700D5836E /* InterfaceController.swift */,
				96E7C5811CD2649700D5836E /* Assets.xcassets */,
				96E7C5831CD2649700D5836E /* Info.plist */,
			);
			path = "cal WatchKit 1 Extension";
			sourceTree = "<group>";
		};
		96E7C58A1CD2649700D5836E /* cal WatchKit 1 App */ = {
			isa = PBXGroup;
			children = (
				96E7C58B1CD2649700D5836E /* Interface.storyboard */,
				96E7C58E1CD2649700D5836E /* Assets.xcassets */,
				96E7C5901CD2649700D5836E /* Info.plist */,
			);
			path = "cal WatchKit 1 App";
			sourceTree = "<group>";
		};
/* End PBXGroup section */

/* Begin PBXNativeTarget section */
		96E7C5471CD2646E00D5836E /* cal */ = {
			isa = PBXNativeTarget;
			buildConfigurationList = 96E7C5701CD2646F00D5836E /* Build configuration list for PBXNativeTarget "cal" */;
			buildPhases = (
				96E7C5441CD2646E00D5836E /* Sources */,
				96E7C5451CD2646E00D5836E /* Frameworks */,
				96E7C5461CD2646E00D5836E /* Resources */,
				96E7C59A1CD2649700D5836E /* Embed App Extensions */,
			);
			buildRules = (
			);
			dependencies = (
				96E7C5921CD2649700D5836E /* PBXTargetDependency */,
			);
			name = cal;
			productName = cal;
			productReference = 96E7C5481CD2646E00D5836E /* cal.app */;
			productType = "com.apple.product-type.application";
		};
		96E7C55B1CD2646F00D5836E /* calTests */ = {
			isa = PBXNativeTarget;
			buildConfigurationList = 96E7C5731CD2646F00D5836E /* Build configuration list for PBXNativeTarget "calTests" */;
			buildPhases = (
				96E7C5581CD2646F00D5836E /* Sources */,
				96E7C5591CD2646F00D5836E /* Frameworks */,
				96E7C55A1CD2646F00D5836E /* Resources */,
			);
			buildRules = (
			);
			dependencies = (
				96E7C55E1CD2646F00D5836E /* PBXTargetDependency */,
			);
			name = calTests;
			productName = calTests;
			productReference = 96E7C55C1CD2646F00D5836E /* calTests.xctest */;
			productType = "com.apple.product-type.bundle.unit-test";
		};
		96E7C5661CD2646F00D5836E /* calUITests */ = {
			isa = PBXNativeTarget;
			buildConfigurationList = 96E7C5761CD2646F00D5836E /* Build configuration list for PBXNativeTarget "calUITests" */;
			buildPhases = (
				96E7C5631CD2646F00D5836E /* Sources */,
				96E7C5641CD2646F00D5836E /* Frameworks */,
				96E7C5651CD2646F00D5836E /* Resources */,
			);
			buildRules = (
			);
			dependencies = (
				96E7C5691CD2646F00D5836E /* PBXTargetDependency */,
			);
			name = calUITests;
			productName = calUITests;
			productReference = 96E7C5671CD2646F00D5836E /* calUITests.xctest */;
			productType = "com.apple.product-type.bundle.ui-testing";
		};
		96E7C57C1CD2649700D5836E /* cal WatchKit 1 Extension */ = {
			isa = PBXNativeTarget;
			buildConfigurationList = 96E7C5971CD2649700D5836E /* Build configuration list for PBXNativeTarget "cal WatchKit 1 Extension" */;
			buildPhases = (
				96E7C5791CD2649700D5836E /* Sources */,
				96E7C57A1CD2649700D5836E /* Frameworks */,
				96E7C57B1CD2649700D5836E /* Resources */,
			);
			buildRules = (
			);
			dependencies = (
				96E7C5891CD2649700D5836E /* PBXTargetDependency */,
			);
			name = "cal WatchKit 1 Extension";
			productName = "cal WatchKit 1 Extension";
			productReference = 96E7C57D1CD2649700D5836E /* cal WatchKit 1 Extension.appex */;
			productType = "com.apple.product-type.watchkit-extension";
		};
		96E7C5851CD2649700D5836E /* cal WatchKit 1 App */ = {
			isa = PBXNativeTarget;
			buildConfigurationList = 96E7C5941CD2649700D5836E /* Build configuration list for PBXNativeTarget "cal WatchKit 1 App" */;
			buildPhases = (
				96E7C5841CD2649700D5836E /* Resources */,
			);
			buildRules = (
			);
			dependencies = (
			);
			name = "cal WatchKit 1 App";
			productName = "cal WatchKit 1 App";
			productReference = 96E7C5861CD2649700D5836E /* cal WatchKit 1 App.app */;
			productType = "com.apple.product-type.application.watchapp";
		};
/* End PBXNativeTarget section */

/* Begin PBXProject section */
		96E7C5401CD2646E00D5836E /* Project object */ = {
			isa = PBXProject;
			attributes = {
				LastSwiftUpdateCheck = 0730;
				LastUpgradeCheck = 0730;
				ORGANIZATIONNAME = BoxU;
				TargetAttributes = {
					96E7C5471CD2646E00D5836E = {
						CreatedOnToolsVersion = 7.3.1;
					};
					96E7C55B1CD2646F00D5836E = {
						CreatedOnToolsVersion = 7.3.1;
						TestTargetID = 96E7C5471CD2646E00D5836E;
					};
					96E7C5661CD2646F00D5836E = {
						CreatedOnToolsVersion = 7.3.1;
						TestTargetID = 96E7C5471CD2646E00D5836E;
					};
					96E7C57C1CD2649700D5836E = {
						CreatedOnToolsVersion = 7.3.1;
					};
					96E7C5851CD2649700D5836E = {
						CreatedOnToolsVersion = 7.3.1;
					};
				};
			};
			buildConfigurationList = 96E7C5431CD2646E00D5836E /* Build configuration list for PBXProject "cal" */;
			compatibilityVersion = "Xcode 3.2";
			developmentRegion = English;
			hasScannedForEncodings = 0;
			knownRegions = (
				en,
				Base,
			);
			mainGroup = 96E7C53F1CD2646E00D5836E;
			productRefGroup = 96E7C5491CD2646E00D5836E /* Products */;
			projectDirPath = "";
			projectRoot = "";
			targets = (
				96E7C5471CD2646E00D5836E /* cal */,
				96E7C55B1CD2646F00D5836E /* calTests */,
				96E7C5661CD2646F00D5836E /* calUITests */,
				96E7C57C1CD2649700D5836E /* cal WatchKit 1 Extension */,
				96E7C5851CD2649700D5836E /* cal WatchKit 1 App */,
			);
		};
/* End PBXProject section */

/* Begin PBXResourcesBuildPhase section */
		96E7C5461CD2646E00D5836E /* Resources */ = {
			isa = PBXResourcesBuildPhase;
			buildActionMask = 2147483647;
			files = (
				96E7C5561CD2646F00D5836E /* LaunchScreen.storyboard in Resources */,
				96E7C5531CD2646E00D5836E /* Assets.xcassets in Resources */,
				96E7C5511CD2646E00D5836E /* Main.storyboard in Resources */,
			);
			runOnlyForDeploymentPostprocessing = 0;
		};
		96E7C55A1CD2646F00D5836E /* Resources */ = {
			isa = PBXResourcesBuildPhase;
			buildActionMask = 2147483647;
			files = (
			);
			runOnlyForDeploymentPostprocessing = 0;
		};
		96E7C5651CD2646F00D5836E /* Resources */ = {
			isa = PBXResourcesBuildPhase;
			buildActionMask = 2147483647;
			files = (
			);
			runOnlyForDeploymentPostprocessing = 0;
		};
		96E7C57B1CD2649700D5836E /* Resources */ = {
			isa = PBXResourcesBuildPhase;
			buildActionMask = 2147483647;
			files = (
				96E7C5871CD2649700D5836E /* cal WatchKit 1 App.app in Resources */,
				96E7C5821CD2649700D5836E /* Assets.xcassets in Resources */,
			);
			runOnlyForDeploymentPostprocessing = 0;
		};
		96E7C5841CD2649700D5836E /* Resources */ = {
			isa = PBXResourcesBuildPhase;
			buildActionMask = 2147483647;
			files = (
				96E7C58F1CD2649700D5836E /* Assets.xcassets in Resources */,
				96E7C58D1CD2649700D5836E /* Interface.storyboard in Resources */,
			);
			runOnlyForDeploymentPostprocessing = 0;
		};
/* End PBXResourcesBuildPhase section */

/* Begin PBXSourcesBuildPhase section */
		96E7C5441CD2646E00D5836E /* Sources */ = {
			isa = PBXSourcesBuildPhase;
			buildActionMask = 2147483647;
			files = (
				96E7C54E1CD2646E00D5836E /* ViewController.swift in Sources */,
				96E7C54C1CD2646E00D5836E /* AppDelegate.swift in Sources */,
			);
			runOnlyForDeploymentPostprocessing = 0;
		};
		96E7C5581CD2646F00D5836E /* Sources */ = {
			isa = PBXSourcesBuildPhase;
			buildActionMask = 2147483647;
			files = (
				96E7C5611CD2646F00D5836E /* calTests.swift in Sources */,
			);
			runOnlyForDeploymentPostprocessing = 0;
		};
		96E7C5631CD2646F00D5836E /* Sources */ = {
			isa = PBXSourcesBuildPhase;
			buildActionMask = 2147483647;
			files = (
				96E7C56C1CD2646F00D5836E /* calUITests.swift in Sources */,
			);
			runOnlyForDeploymentPostprocessing = 0;
		};
		96E7C5791CD2649700D5836E /* Sources */ = {
			isa = PBXSourcesBuildPhase;
			buildActionMask = 2147483647;
			files = (
				96E7C5801CD2649700D5836E /* InterfaceController.swift in Sources */,
			);
			runOnlyForDeploymentPostprocessing = 0;
		};
/* End PBXSourcesBuildPhase section */

/* Begin PBXTargetDependency section */
		96E7C55E1CD2646F00D5836E /* PBXTargetDependency */ = {
			isa = PBXTargetDependency;
			target = 96E7C5471CD2646E00D5836E /* cal */;
			targetProxy = 96E7C55D1CD2646F00D5836E /* PBXContainerItemProxy */;
		};
		96E7C5691CD2646F00D5836E /* PBXTargetDependency */ = {
			isa = PBXTargetDependency;
			target = 96E7C5471CD2646E00D5836E /* cal */;
			targetProxy = 96E7C5681CD2646F00D5836E /* PBXContainerItemProxy */;
		};
		96E7C5891CD2649700D5836E /* PBXTargetDependency */ = {
			isa = PBXTargetDependency;
			target = 96E7C5851CD2649700D5836E /* cal WatchKit 1 App */;
			targetProxy = 96E7C5881CD2649700D5836E /* PBXContainerItemProxy */;
		};
		96E7C5921CD2649700D5836E /* PBXTargetDependency */ = {
			isa = PBXTargetDependency;
			target = 96E7C57C1CD2649700D5836E /* cal WatchKit 1 Extension */;
			targetProxy = 96E7C5911CD2649700D5836E /* PBXContainerItemProxy */;
		};
/* End PBXTargetDependency section */

/* Begin PBXVariantGroup section */
		96E7C54F1CD2646E00D5836E /* Main.storyboard */ = {
			isa = PBXVariantGroup;
			children = (
				96E7C5501CD2646E00D5836E /* Base */,
			);
			name = Main.storyboard;
			sourceTree = "<group>";
		};
		96E7C5541CD2646F00D5836E /* LaunchScreen.storyboard */ = {
			isa = PBXVariantGroup;
			children = (
				96E7C5551CD2646F00D5836E /* Base */,
			);
			name = LaunchScreen.storyboard;
			sourceTree = "<group>";
		};
		96E7C58B1CD2649700D5836E /* Interface.storyboard */ = {
			isa = PBXVariantGroup;
			children = (
				96E7C58C1CD2649700D5836E /* Base */,
			);
			name = Interface.storyboard;
			sourceTree = "<group>";
		};
/* End PBXVariantGroup section */

/* Begin XCBuildConfiguration section */
		96E7C56E1CD2646F00D5836E /* Debug */ = {
			isa = XCBuildConfiguration;
			buildSettings = {
				ALWAYS_SEARCH_USER_PATHS = NO;
				CLANG_ANALYZER_NONNULL = YES;
				CLANG_CXX_LANGUAGE_STANDARD = "gnu++0x";
				CLANG_CXX_LIBRARY = "libc++";
				CLANG_ENABLE_MODULES = YES;
				CLANG_ENABLE_OBJC_ARC = YES;
				CLANG_WARN_BOOL_CONVERSION = YES;
				CLANG_WARN_CONSTANT_CONVERSION = YES;
				CLANG_WARN_DIRECT_OBJC_ISA_USAGE = YES_ERROR;
				CLANG_WARN_EMPTY_BODY = YES;
				CLANG_WARN_ENUM_CONVERSION = YES;
				CLANG_WARN_INT_CONVERSION = YES;
				CLANG_WARN_OBJC_ROOT_CLASS = YES_ERROR;
				CLANG_WARN_UNREACHABLE_CODE = YES;
				CLANG_WARN__DUPLICATE_METHOD_MATCH = YES;
				"CODE_SIGN_IDENTITY[sdk=iphoneos*]" = "iPhone Developer";
				COPY_PHASE_STRIP = NO;
				DEBUG_INFORMATION_FORMAT = dwarf;
				ENABLE_STRICT_OBJC_MSGSEND = YES;
				ENABLE_TESTABILITY = YES;
				GCC_C_LANGUAGE_STANDARD = gnu99;
				GCC_DYNAMIC_NO_PIC = NO;
				GCC_NO_COMMON_BLOCKS = YES;
				GCC_OPTIMIZATION_LEVEL = 0;
				GCC_PREPROCESSOR_DEFINITIONS = (
					"DEBUG=1",
					"$(inherited)",
				);
				GCC_WARN_64_TO_32_BIT_CONVERSION = YES;
				GCC_WARN_ABOUT_RETURN_TYPE = YES_ERROR;
				GCC_WARN_UNDECLARED_SELECTOR = YES;
				GCC_WARN_UNINITIALIZED_AUTOS = YES_AGGRESSIVE;
				GCC_WARN_UNUSED_FUNCTION = YES;
				GCC_WARN_UNUSED_VARIABLE = YES;
				IPHONEOS_DEPLOYMENT_TARGET = 9.3;
				MTL_ENABLE_DEBUG_INFO = YES;
				ONLY_ACTIVE_ARCH = YES;
				SDKROOT = iphoneos;
				SWIFT_OPTIMIZATION_LEVEL = "-Onone";
				TARGETED_DEVICE_FAMILY = "1,2";
			};
			name = Debug;
		};
		96E7C56F1CD2646F00D5836E /* Release */ = {
			isa = XCBuildConfiguration;
			buildSettings = {
				ALWAYS_SEARCH_USER_PATHS = NO;
				CLANG_ANALYZER_NONNULL = YES;
				CLANG_CXX_LANGUAGE_STANDARD = "gnu++0x";
				CLANG_CXX_LIBRARY = "libc++";
				CLANG_ENABLE_MODULES = YES;
				CLANG_ENABLE_OBJC_ARC = YES;
				CLANG_WARN_BOOL_CONVERSION = YES;
				CLANG_WARN_CONSTANT_CONVERSION = YES;
				CLANG_WARN_DIRECT_OBJC_ISA_USAGE = YES_ERROR;
				CLANG_WARN_EMPTY_BODY = YES;
				CLANG_WARN_ENUM_CONVERSION = YES;
				CLANG_WARN_INT_CONVERSION = YES;
				CLANG_WARN_OBJC_ROOT_CLASS = YES_ERROR;
				CLANG_WARN_UNREACHABLE_CODE = YES;
				CLANG_WARN__DUPLICATE_METHOD_MATCH = YES;
				"CODE_SIGN_IDENTITY[sdk=iphoneos*]" = "iPhone Developer";
				COPY_PHASE_STRIP = NO;
				DEBUG_INFORMATION_FORMAT = "dwarf-with-dsym";
				ENABLE_NS_ASSERTIONS = NO;
				ENABLE_STRICT_OBJC_MSGSEND = YES;
				GCC_C_LANGUAGE_STANDARD = gnu99;
				GCC_NO_COMMON_BLOCKS = YES;
				GCC_WARN_64_TO_32_BIT_CONVERSION = YES;
				GCC_WARN_ABOUT_RETURN_TYPE = YES_ERROR;
				GCC_WARN_UNDECLARED_SELECTOR = YES;
				GCC_WARN_UNINITIALIZED_AUTOS = YES_AGGRESSIVE;
				GCC_WARN_UNUSED_FUNCTION = YES;
				GCC_WARN_UNUSED_VARIABLE = YES;
				IPHONEOS_DEPLOYMENT_TARGET = 9.3;
				MTL_ENABLE_DEBUG_INFO = NO;
				SDKROOT = iphoneos;
				TARGETED_DEVICE_FAMILY = "1,2";
				VALIDATE_PRODUCT = YES;
			};
			name = Release;
		};
		96E7C5711CD2646F00D5836E /* Debug */ = {
			isa = XCBuildConfiguration;
			buildSettings = {
				ASSETCATALOG_COMPILER_APPICON_NAME = AppIcon;
				EMBEDDED_CONTENT_CONTAINS_SWIFT = YES;
				INFOPLIST_FILE = cal/Info.plist;
				LD_RUNPATH_SEARCH_PATHS = "$(inherited) @executable_path/Frameworks";
				PRODUCT_BUNDLE_IDENTIFIER = BOX.cal;
				PRODUCT_NAME = "$(TARGET_NAME)";
			};
			name = Debug;
		};
		96E7C5721CD2646F00D5836E /* Release */ = {
			isa = XCBuildConfiguration;
			buildSettings = {
				ASSETCATALOG_COMPILER_APPICON_NAME = AppIcon;
				EMBEDDED_CONTENT_CONTAINS_SWIFT = YES;
				INFOPLIST_FILE = cal/Info.plist;
				LD_RUNPATH_SEARCH_PATHS = "$(inherited) @executable_path/Frameworks";
				PRODUCT_BUNDLE_IDENTIFIER = BOX.cal;
				PRODUCT_NAME = "$(TARGET_NAME)";
			};
			name = Release;
		};
		96E7C5741CD2646F00D5836E /* Debug */ = {
			isa = XCBuildConfiguration;
			buildSettings = {
				BUNDLE_LOADER = "$(TEST_HOST)";
				INFOPLIST_FILE = calTests/Info.plist;
				LD_RUNPATH_SEARCH_PATHS = "$(inherited) @executable_path/Frameworks @loader_path/Frameworks";
				PRODUCT_BUNDLE_IDENTIFIER = BOX.calTests;
				PRODUCT_NAME = "$(TARGET_NAME)";
				TEST_HOST = "$(BUILT_PRODUCTS_DIR)/cal.app/cal";
			};
			name = Debug;
		};
		96E7C5751CD2646F00D5836E /* Release */ = {
			isa = XCBuildConfiguration;
			buildSettings = {
				BUNDLE_LOADER = "$(TEST_HOST)";
				INFOPLIST_FILE = calTests/Info.plist;
				LD_RUNPATH_SEARCH_PATHS = "$(inherited) @executable_path/Frameworks @loader_path/Frameworks";
				PRODUCT_BUNDLE_IDENTIFIER = BOX.calTests;
				PRODUCT_NAME = "$(TARGET_NAME)";
				TEST_HOST = "$(BUILT_PRODUCTS_DIR)/cal.app/cal";
			};
			name = Release;
		};
		96E7C5771CD2646F00D5836E /* Debug */ = {
			isa = XCBuildConfiguration;
			buildSettings = {
				INFOPLIST_FILE = calUITests/Info.plist;
				LD_RUNPATH_SEARCH_PATHS = "$(inherited) @executable_path/Frameworks @loader_path/Frameworks";
				PRODUCT_BUNDLE_IDENTIFIER = BOX.calUITests;
				PRODUCT_NAME = "$(TARGET_NAME)";
				TEST_TARGET_NAME = cal;
			};
			name = Debug;
		};
		96E7C5781CD2646F00D5836E /* Release */ = {
			isa = XCBuildConfiguration;
			buildSettings = {
				INFOPLIST_FILE = calUITests/Info.plist;
				LD_RUNPATH_SEARCH_PATHS = "$(inherited) @executable_path/Frameworks @loader_path/Frameworks";
				PRODUCT_BUNDLE_IDENTIFIER = BOX.calUITests;
				PRODUCT_NAME = "$(TARGET_NAME)";
				TEST_TARGET_NAME = cal;
			};
			name = Release;
		};
		96E7C5951CD2649700D5836E /* Debug */ = {
			isa = XCBuildConfiguration;
			buildSettings = {
				ASSETCATALOG_COMPILER_APPICON_NAME = AppIcon;
				IBSC_MODULE = cal_WatchKit_1_Extension;
				INFOPLIST_FILE = "cal WatchKit 1 App/Info.plist";
				IPHONEOS_DEPLOYMENT_TARGET = 8.2;
				PRODUCT_BUNDLE_IDENTIFIER = BOX.cal.watchkitapp;
				PRODUCT_NAME = "$(TARGET_NAME)";
				SKIP_INSTALL = YES;
				TARGETED_DEVICE_FAMILY = 4;
				"TARGETED_DEVICE_FAMILY[sdk=iphonesimulator*]" = "1,4";
			};
			name = Debug;
		};
		96E7C5961CD2649700D5836E /* Release */ = {
			isa = XCBuildConfiguration;
			buildSettings = {
				ASSETCATALOG_COMPILER_APPICON_NAME = AppIcon;
				IBSC_MODULE = cal_WatchKit_1_Extension;
				INFOPLIST_FILE = "cal WatchKit 1 App/Info.plist";
				IPHONEOS_DEPLOYMENT_TARGET = 8.2;
				PRODUCT_BUNDLE_IDENTIFIER = BOX.cal.watchkitapp;
				PRODUCT_NAME = "$(TARGET_NAME)";
				SKIP_INSTALL = YES;
				TARGETED_DEVICE_FAMILY = 4;
				"TARGETED_DEVICE_FAMILY[sdk=iphonesimulator*]" = "1,4";
			};
			name = Release;
		};
		96E7C5981CD2649700D5836E /* Debug */ = {
			isa = XCBuildConfiguration;
			buildSettings = {
				INFOPLIST_FILE = "cal WatchKit 1 Extension/Info.plist";
				LD_RUNPATH_SEARCH_PATHS = "$(inherited) @executable_path/Frameworks @executable_path/../../Frameworks";
				PRODUCT_BUNDLE_IDENTIFIER = BOX.cal.watchkitextension;
				PRODUCT_NAME = "${TARGET_NAME}";
				SKIP_INSTALL = YES;
			};
			name = Debug;
		};
		96E7C5991CD2649700D5836E /* Release */ = {
			isa = XCBuildConfiguration;
			buildSettings = {
				INFOPLIST_FILE = "cal WatchKit 1 Extension/Info.plist";
				LD_RUNPATH_SEARCH_PATHS = "$(inherited) @executable_path/Frameworks @executable_path/../../Frameworks";
				PRODUCT_BUNDLE_IDENTIFIER = BOX.cal.watchkitextension;
				PRODUCT_NAME = "${TARGET_NAME}";
				SKIP_INSTALL = YES;
			};
			name = Release;
		};
/* End XCBuildConfiguration section */

/* Begin XCConfigurationList section */
		96E7C5431CD2646E00D5836E /* Build configuration list for PBXProject "cal" */ = {
			isa = XCConfigurationList;
			buildConfigurations = (
				96E7C56E1CD2646F00D5836E /* Debug */,
				96E7C56F1CD2646F00D5836E /* Release */,
			);
			defaultConfigurationIsVisible = 0;
			defaultConfigurationName = Release;
		};
		96E7C5701CD2646F00D5836E /* Build configuration list for PBXNativeTarget "cal" */ = {
			isa = XCConfigurationList;
			buildConfigurations = (
				96E7C5711CD2646F00D5836E /* Debug */,
				96E7C5721CD2646F00D5836E /* Release */,
			);
			defaultConfigurationIsVisible = 0;
		};
		96E7C5731CD2646F00D5836E /* Build configuration list for PBXNativeTarget "calTests" */ = {
			isa = XCConfigurationList;
			buildConfigurations = (
				96E7C5741CD2646F00D5836E /* Debug */,
				96E7C5751CD2646F00D5836E /* Release */,
			);
			defaultConfigurationIsVisible = 0;
		};
		96E7C5761CD2646F00D5836E /* Build configuration list for PBXNativeTarget "calUITests" */ = {
			isa = XCConfigurationList;
			buildConfigurations = (
				96E7C5771CD2646F00D5836E /* Debug */,
				96E7C5781CD2646F00D5836E /* Release */,
			);
			defaultConfigurationIsVisible = 0;
		};
		96E7C5941CD2649700D5836E /* Build configuration list for PBXNativeTarget "cal WatchKit 1 App" */ = {
			isa = XCConfigurationList;
			buildConfigurations = (
				96E7C5951CD2649700D5836E /* Debug */,
				96E7C5961CD2649700D5836E /* Release */,
			);
			defaultConfigurationIsVisible = 0;
		};
		96E7C5971CD2649700D5836E /* Build configuration list for PBXNativeTarget "cal WatchKit 1 Extension" */ = {
			isa = XCConfigurationList;
			buildConfigurations = (
				96E7C5981CD2649700D5836E /* Debug */,
				96E7C5991CD2649700D5836E /* Release */,
			);
			defaultConfigurationIsVisible = 0;
		};
/* End XCConfigurationList section */
	};
	rootObject = 96E7C5401CD2646E00D5836E /* Project object */;
}
